
Microsoft Visual Studio Solution File, Format Version 12.00
# Visual Studio Version 16
VisualStudioVersion = 16.0.29926.136
MinimumVisualStudioVersion = 10.0.40219.1
Project("{9A19103F-16F7-4668-BE54-9A1E7A4F7556}") = "TaquillerasWeb", "TaquillerasWeb\TaquillerasWeb.csproj", "{A8A2A06A-097F-4989-9BC2-39D8FB03B2B3}"
EndProject
Global
	GlobalSection(SolutionConfigurationPlatforms) = preSolution
		Debug|Any CPU = Debug|Any CPU
		Release|Any CPU = Release|Any CPU
	EndGlobalSection
	GlobalSection(ProjectConfigurationPlatforms) = postSolution
		{A8A2A06A-097F-4989-9BC2-39D8FB03B2B3}.Debug|Any CPU.ActiveCfg = Debug|Any CPU
		{A8A2A06A-097F-4989-9BC2-39D8FB03B2B3}.Debug|Any CPU.Build.0 = Debug|Any CPU
		{A8A2A06A-097F-4989-9BC2-39D8FB03B2B3}.Release|Any CPU.ActiveCfg = Release|Any CPU
		{A8A2A06A-097F-4989-9BC2-39D8FB03B2B3}.Release|Any CPU.Build.0 = Release|Any CPU
	EndGlobalSection
	GlobalSection(SolutionProperties) = preSolution
		HideSolutionNode = FALSE
	EndGlobalSection
	GlobalSection(ExtensibilityGlobals) = postSolution
		SolutionGuid = {3B09FBA0-9B84-49BB-B3E8-6C4CAAEEB4F1}
	EndGlobalSection
EndGlobal
